
Microsoft Visual Studio Solution File, Format Version 12.00
# Visual Studio 15
VisualStudioVersion = 15.0.27130.2024
MinimumVisualStudioVersion = 10.0.40219.1
Project("{FAE04EC0-301F-11D3-BF4B-00C04F79EFBC}") = "Xilium.CefGlue", "Xilium.CefGlue\Xilium.CefGlue.csproj", "{F7CC9621-0794-4408-AA58-6A1964FACFE5}"
EndProject
Project("{2150E333-8FDC-42A3-9474-1A3956D46DE8}") = "build", "build", "{D96998E2-D254-4A60-8A03-FA9992A1B478}"
	ProjectSection(SolutionItems) = preProject
		build\key.snk = build\key.snk
	EndProjectSection
EndProject
Global
	GlobalSection(SolutionConfigurationPlatforms) = preSolution
		Debug|Any CPU = Debug|Any CPU
		Release|Any CPU = Release|Any CPU
	EndGlobalSection
	GlobalSection(ProjectConfigurationPlatforms) = postSolution
		{F7CC9621-0794-4408-AA58-6A1964FACFE5}.Debug|Any CPU.ActiveCfg = Debug|Any CPU
		{F7CC9621-0794-4408-AA58-6A1964FACFE5}.Debug|Any CPU.Build.0 = Debug|Any CPU
		{F7CC9621-0794-4408-AA58-6A1964FACFE5}.Release|Any CPU.ActiveCfg = Release|Any CPU
		{F7CC9621-0794-4408-AA58-6A1964FACFE5}.Release|Any CPU.Build.0 = Release|Any CPU
	EndGlobalSection
	GlobalSection(SolutionProperties) = preSolution
		HideSolutionNode = FALSE
	EndGlobalSection
	GlobalSection(ExtensibilityGlobals) = postSolution
		SolutionGuid = {C60CD8CD-5456-4213-8CBF-AB29F25776E9}
	EndGlobalSection
EndGlobal
